{
  "name": "proxy",
  "version": "1.0.0",
  "lockfileVersion": 2,
  "requires": true,
  "packages": {
    "": {
      "name": "proxy",
      "version": "1.0.0",
      "license": "MIT",
      "dependencies": {
        "molly-fetch": "^1.0.13"
      },
      "engines": {
        "node": "16.x"
      }
    },
    "node_modules/molly-fetch": {
      "version": "1.0.13",
      "resolved": "https://registry.npmjs.org/molly-fetch/-/molly-fetch-1.0.13.tgz",
      "integrity": "sha512-veA7OMFIe0mNqKmZwTx1BDIG0q+ndTuUKnFU4insrHukynfPDuer8Oxs63t7DBzn8gSQyrpaXo7uvdCvDNfmbA=="
    }
  },
  "dependencies": {
    "molly-fetch": {
      "version": "1.0.13",
      "resolved": "https://registry.npmjs.org/molly-fetch/-/molly-fetch-1.0.13.tgz",
      "integrity": "sha512-veA7OMFIe0mNqKmZwTx1BDIG0q+ndTuUKnFU4insrHukynfPDuer8Oxs63t7DBzn8gSQyrpaXo7uvdCvDNfmbA=="
    }
  }
}
