{
  "name": "proxy",
  "version": "1.0.0",
  "lockfileVersion": 2,
  "requires": true,
  "packages": {
    "": {
      "name": "proxy",
      "version": "1.0.0",
      "license": "MIT",
      "dependencies": {
        "molly-fetch": "^1.0.8"
      },
      "engines": {
        "node": "16.x"
      }
    },
    "node_modules/molly-fetch": {
      "version": "1.0.8",
      "resolved": "https://registry.npmjs.org/molly-fetch/-/molly-fetch-1.0.8.tgz",
      "integrity": "sha512-W1DcpcMqtDdusQYvFflVqHyjsCxiBdCScJ6WMtoRmuYGLGOXcVsJmp1wAzsCEqT38B6dTk5h9BNa/z0UcXntEA=="
    }
  },
  "dependencies": {
    "molly-fetch": {
      "version": "1.0.8",
      "resolved": "https://registry.npmjs.org/molly-fetch/-/molly-fetch-1.0.8.tgz",
      "integrity": "sha512-W1DcpcMqtDdusQYvFflVqHyjsCxiBdCScJ6WMtoRmuYGLGOXcVsJmp1wAzsCEqT38B6dTk5h9BNa/z0UcXntEA=="
    }
  }
}
