{
  "name": "proxy",
  "version": "1.0.0",
  "lockfileVersion": 2,
  "requires": true,
  "packages": {
    "": {
      "name": "proxy",
      "version": "1.0.0",
      "license": "MIT",
      "dependencies": {
        "molly-fetch": "^1.0.10"
      },
      "engines": {
        "node": "16.x"
      }
    },
    "node_modules/molly-fetch": {
      "version": "1.0.10",
      "resolved": "https://registry.npmjs.org/molly-fetch/-/molly-fetch-1.0.10.tgz",
      "integrity": "sha512-p0KK2lN81cJEreDCMnAhkCSdFV858Wc8dXSeK7cl4gFCsmLfOXMSac6lcUp6Qyjymxqw1Jmjgn/c1coWRXbLHQ=="
    }
  },
  "dependencies": {
    "molly-fetch": {
      "version": "1.0.10",
      "resolved": "https://registry.npmjs.org/molly-fetch/-/molly-fetch-1.0.10.tgz",
      "integrity": "sha512-p0KK2lN81cJEreDCMnAhkCSdFV858Wc8dXSeK7cl4gFCsmLfOXMSac6lcUp6Qyjymxqw1Jmjgn/c1coWRXbLHQ=="
    }
  }
}
